
Microsoft Visual Studio Solution File, Format Version 12.00
# Visual Studio Version 16
VisualStudioVersion = 16.0.30309.148
MinimumVisualStudioVersion = 10.0.40219.1
Project("{FAE04EC0-301F-11D3-BF4B-00C04F79EFBC}") = "WPFEdit", "WPFEdit\WPFEdit.csproj", "{5BFE6B65-183D-44B4-952C-261291550353}"
EndProject
Global
	GlobalSection(SolutionConfigurationPlatforms) = preSolution
		Debug|Any CPU = Debug|Any CPU
		Release|Any CPU = Release|Any CPU
	EndGlobalSection
	GlobalSection(ProjectConfigurationPlatforms) = postSolution
		{5BFE6B65-183D-44B4-952C-261291550353}.Debug|Any CPU.ActiveCfg = Debug|Any CPU
		{5BFE6B65-183D-44B4-952C-261291550353}.Debug|Any CPU.Build.0 = Debug|Any CPU
		{5BFE6B65-183D-44B4-952C-261291550353}.Release|Any CPU.ActiveCfg = Release|Any CPU
		{5BFE6B65-183D-44B4-952C-261291550353}.Release|Any CPU.Build.0 = Release|Any CPU
	EndGlobalSection
	GlobalSection(SolutionProperties) = preSolution
		HideSolutionNode = FALSE
	EndGlobalSection
	GlobalSection(ExtensibilityGlobals) = postSolution
		SolutionGuid = {0F764ADD-C572-4C0C-AE71-797D0DEE8CE7}
	EndGlobalSection
EndGlobal
